// !$*UTF8*$!
{
	archiveVersion = 1;
	classes = {
	};
	objectVersion = 46;
	objects = {

/* Begin PBXBuildFile section */
		EE012F94155865F800174A5A /* HTTPGet.m in Sources */ = {isa = PBXBuildFile; fileRef = EE012F93155865F800174A5A /* HTTPGet.m */; };
		EE012FB2155978FE00174A5A /* Banner-01.png in Resources */ = {isa = PBXBuildFile; fileRef = EE012FA3155978FE00174A5A /* Banner-01.png */; };
		EE012FB3155978FE00174A5A /* Banner-02.png in Resources */ = {isa = PBXBuildFile; fileRef = EE012FA4155978FE00174A5A /* Banner-02.png */; };
		EE012FB4155978FE00174A5A /* cred.png in Resources */ = {isa = PBXBuildFile; fileRef = EE012FA5155978FE00174A5A /* cred.png */; };
		EE012FB5155978FE00174A5A /* example.png in Resources */ = {isa = PBXBuildFile; fileRef = EE012FA6155978FE00174A5A /* example.png */; };
		EE012FB6155978FE00174A5A /* icon-0a.png in Resources */ = {isa = PBXBuildFile; fileRef = EE012FA7155978FE00174A5A /* icon-0a.png */; };
		EE012FB7155978FE00174A5A /* icon-0b.png in Resources */ = {isa = PBXBuildFile; fileRef = EE012FA8155978FE00174A5A /* icon-0b.png */; };
		EE012FB8155978FE00174A5A /* icon-0c.png in Resources */ = {isa = PBXBuildFile; fileRef = EE012FA9155978FE00174A5A /* icon-0c.png */; };
		EE012FB9155978FE00174A5A /* icon-0d.png in Resources */ = {isa = PBXBuildFile; fileRef = EE012FAA155978FE00174A5A /* icon-0d.png */; };
		EE012FBA155978FE00174A5A /* icon-0e.png in Resources */ = {isa = PBXBuildFile; fileRef = EE012FAB155978FE00174A5A /* icon-0e.png */; };
		EE012FBB155978FE00174A5A /* icon-0f.png in Resources */ = {isa = PBXBuildFile; fileRef = EE012FAC155978FE00174A5A /* icon-0f.png */; };
		EE012FBC155978FE00174A5A /* icon-0g.png in Resources */ = {isa = PBXBuildFile; fileRef = EE012FAD155978FE00174A5A /* icon-0g.png */; };
		EE012FBD155978FE00174A5A /* icon-0h.png in Resources */ = {isa = PBXBuildFile; fileRef = EE012FAE155978FE00174A5A /* icon-0h.png */; };
		EE012FBE155978FE00174A5A /* icon-0i.png in Resources */ = {isa = PBXBuildFile; fileRef = EE012FAF155978FE00174A5A /* icon-0i.png */; };
		EE012FBF155978FE00174A5A /* MainLogo-01.png in Resources */ = {isa = PBXBuildFile; fileRef = EE012FB0155978FE00174A5A /* MainLogo-01.png */; };
		EE012FC0155978FE00174A5A /* OriginalIcon.png in Resources */ = {isa = PBXBuildFile; fileRef = EE012FB1155978FE00174A5A /* OriginalIcon.png */; };
		EE012FCA1559815400174A5A /* TFNavigationBar.m in Sources */ = {isa = PBXBuildFile; fileRef = EE012FC91559815300174A5A /* TFNavigationBar.m */; };
		EE21F8311544FF6200347E06 /* UWSBuildingsTVC.m in Sources */ = {isa = PBXBuildFile; fileRef = EE21F8301544FF6200347E06 /* UWSBuildingsTVC.m */; };
		EE21F83C15450BFC00347E06 /* CircleArrowDown_sml.png in Resources */ = {isa = PBXBuildFile; fileRef = EE21F83A15450BFC00347E06 /* CircleArrowDown_sml.png */; };
		EE21F83D15450BFC00347E06 /* CircleArrowRight_sml.png in Resources */ = {isa = PBXBuildFile; fileRef = EE21F83B15450BFC00347E06 /* CircleArrowRight_sml.png */; };
		EE21F8401546227D00347E06 /* UWSTreeNodeBuildings.m in Sources */ = {isa = PBXBuildFile; fileRef = EE21F83F1546227D00347E06 /* UWSTreeNodeBuildings.m */; };
		EE21F8461546245000347E06 /* UWSTreeViewCellBuildings.m in Sources */ = {isa = PBXBuildFile; fileRef = EE21F8451546245000347E06 /* UWSTreeViewCellBuildings.m */; };
		EE3D3310154DAD9400C138D9 /* UWSBuildingsInfoTVC.m in Sources */ = {isa = PBXBuildFile; fileRef = EE3D330F154DAD9400C138D9 /* UWSBuildingsInfoTVC.m */; };
		EE3D3313154DAED800C138D9 /* UWSBuildingsInfoCell.m in Sources */ = {isa = PBXBuildFile; fileRef = EE3D3312154DAED800C138D9 /* UWSBuildingsInfoCell.m */; };
		EE4232B014F008BF00731267 /* UIKit.framework in Frameworks */ = {isa = PBXBuildFile; fileRef = EE4232AF14F008BF00731267 /* UIKit.framework */; };
		EE4232B214F008BF00731267 /* Foundation.framework in Frameworks */ = {isa = PBXBuildFile; fileRef = EE4232B114F008BF00731267 /* Foundation.framework */; };
		EE4232B414F008BF00731267 /* CoreGraphics.framework in Frameworks */ = {isa = PBXBuildFile; fileRef = EE4232B314F008BF00731267 /* CoreGraphics.framework */; };
		EE4232BA14F008BF00731267 /* InfoPlist.strings in Resources */ = {isa = PBXBuildFile; fileRef = EE4232B814F008BF00731267 /* InfoPlist.strings */; };
		EE4232BC14F008BF00731267 /* main.m in Sources */ = {isa = PBXBuildFile; fileRef = EE4232BB14F008BF00731267 /* main.m */; };
		EE4232C014F008BF00731267 /* UWSAppDelegate.m in Sources */ = {isa = PBXBuildFile; fileRef = EE4232BF14F008BF00731267 /* UWSAppDelegate.m */; };
		EE4232C314F008BF00731267 /* MainStoryboard.storyboard in Resources */ = {isa = PBXBuildFile; fileRef = EE4232C114F008BF00731267 /* MainStoryboard.storyboard */; };
		EE4232CE14F008BF00731267 /* SenTestingKit.framework in Frameworks */ = {isa = PBXBuildFile; fileRef = EE4232CD14F008BF00731267 /* SenTestingKit.framework */; };
		EE4232CF14F008BF00731267 /* UIKit.framework in Frameworks */ = {isa = PBXBuildFile; fileRef = EE4232AF14F008BF00731267 /* UIKit.framework */; };
		EE4232D014F008BF00731267 /* Foundation.framework in Frameworks */ = {isa = PBXBuildFile; fileRef = EE4232B114F008BF00731267 /* Foundation.framework */; };
		EE4232D814F008BF00731267 /* InfoPlist.strings in Resources */ = {isa = PBXBuildFile; fileRef = EE4232D614F008BF00731267 /* InfoPlist.strings */; };
		EE4232DB14F008BF00731267 /* UWSuiteTests.m in Sources */ = {isa = PBXBuildFile; fileRef = EE4232DA14F008BF00731267 /* UWSuiteTests.m */; };
		EE42335114F036D000731267 /* NSData+Base64.m in Sources */ = {isa = PBXBuildFile; fileRef = EE42333F14F036D000731267 /* NSData+Base64.m */; };
		EE42335214F036D000731267 /* NSDate+RFC1123.m in Sources */ = {isa = PBXBuildFile; fileRef = EE42334114F036D000731267 /* NSDate+RFC1123.m */; };
		EE42335314F036D000731267 /* NSDictionary+RequestEncoding.m in Sources */ = {isa = PBXBuildFile; fileRef = EE42334314F036D000731267 /* NSDictionary+RequestEncoding.m */; };
		EE42335414F036D000731267 /* NSString+MKNetworkKitAdditions.m in Sources */ = {isa = PBXBuildFile; fileRef = EE42334514F036D000731267 /* NSString+MKNetworkKitAdditions.m */; };
		EE42335514F036D000731267 /* UIAlertView+MKNetworkKitAdditions.m in Sources */ = {isa = PBXBuildFile; fileRef = EE42334714F036D000731267 /* UIAlertView+MKNetworkKitAdditions.m */; };
		EE42335614F036D000731267 /* MKNetworkEngine.m in Sources */ = {isa = PBXBuildFile; fileRef = EE42334914F036D000731267 /* MKNetworkEngine.m */; };
		EE42335714F036D000731267 /* MKNetworkOperation.m in Sources */ = {isa = PBXBuildFile; fileRef = EE42334C14F036D000731267 /* MKNetworkOperation.m */; };
		EE42335814F036D000731267 /* Reachability.m in Sources */ = {isa = PBXBuildFile; fileRef = EE42334F14F036D000731267 /* Reachability.m */; };
		EE42335A14F0375900731267 /* CFNetwork.framework in Frameworks */ = {isa = PBXBuildFile; fileRef = EE42335914F0375900731267 /* CFNetwork.framework */; };
		EE42335C14F0376400731267 /* SystemConfiguration.framework in Frameworks */ = {isa = PBXBuildFile; fileRef = EE42335B14F0376400731267 /* SystemConfiguration.framework */; };
		EE42335E14F0377200731267 /* Security.framework in Frameworks */ = {isa = PBXBuildFile; fileRef = EE42335D14F0377200731267 /* Security.framework */; };
		EE4FE7C9155206D700B435DC /* UWSParkingTVC.m in Sources */ = {isa = PBXBuildFile; fileRef = EE4FE7C8155206D700B435DC /* UWSParkingTVC.m */; };
		EE4FE7CC155206F300B435DC /* UWSParkingCell.m in Sources */ = {isa = PBXBuildFile; fileRef = EE4FE7CB155206F300B435DC /* UWSParkingCell.m */; };
		EE6775A51559C0B600F043EF /* Default.png in Resources */ = {isa = PBXBuildFile; fileRef = EE6775A41559C0B600F043EF /* Default.png */; };
		EE9A9934155305E4009E6DDD /* UWSFoodInfoTVC.m in Sources */ = {isa = PBXBuildFile; fileRef = EE9A9933155305E4009E6DDD /* UWSFoodInfoTVC.m */; };
		EE9A993715530636009E6DDD /* UWSTreeNodeFoodInfo.m in Sources */ = {isa = PBXBuildFile; fileRef = EE9A993615530636009E6DDD /* UWSTreeNodeFoodInfo.m */; };
		EE9A993A1553065D009E6DDD /* UWSTreeViewCellFoodInfo.m in Sources */ = {isa = PBXBuildFile; fileRef = EE9A99391553065D009E6DDD /* UWSTreeViewCellFoodInfo.m */; };
		EE9A994A15575094009E6DDD /* UWSOMGUWTVC.m in Sources */ = {isa = PBXBuildFile; fileRef = EE9A994915575094009E6DDD /* UWSOMGUWTVC.m */; };
		EE9A994D155750B9009E6DDD /* UWSOMGUWCell.m in Sources */ = {isa = PBXBuildFile; fileRef = EE9A994C155750B9009E6DDD /* UWSOMGUWCell.m */; };
		EEF8BEBE154E24000009A3E2 /* SpinnerView.m in Sources */ = {isa = PBXBuildFile; fileRef = EEF8BEBD154E24000009A3E2 /* SpinnerView.m */; };
		EEF8BEC4154E2BFC0009A3E2 /* QuartzCore.framework in Frameworks */ = {isa = PBXBuildFile; fileRef = EEF8BEC3154E2BFC0009A3E2 /* QuartzCore.framework */; };
		EEF8BEC8154F88580009A3E2 /* UWSExamTVC.m in Sources */ = {isa = PBXBuildFile; fileRef = EEF8BEC7154F88580009A3E2 /* UWSExamTVC.m */; };
		EEF8BECB154F89320009A3E2 /* UWSExamCell.m in Sources */ = {isa = PBXBuildFile; fileRef = EEF8BECA154F89320009A3E2 /* UWSExamCell.m */; };
/* End PBXBuildFile section */

/* Begin PBXContainerItemProxy section */
		EE4232D114F008BF00731267 /* PBXContainerItemProxy */ = {
			isa = PBXContainerItemProxy;
			containerPortal = EE4232A214F008BF00731267 /* Project object */;
			proxyType = 1;
			remoteGlobalIDString = EE4232AA14F008BF00731267;
			remoteInfo = UWSuite;
		};
/* End PBXContainerItemProxy section */

/* Begin PBXFileReference section */
		EE012F92155865F800174A5A /* HTTPGet.h */ = {isa = PBXFileReference; fileEncoding = 4; lastKnownFileType = sourcecode.c.h; name = HTTPGet.h; path = HTTPGET/HTTPGet.h; sourceTree = "<group>"; };
		EE012F93155865F800174A5A /* HTTPGet.m */ = {isa = PBXFileReference; fileEncoding = 4; lastKnownFileType = sourcecode.c.objc; name = HTTPGet.m; path = HTTPGET/HTTPGet.m; sourceTree = "<group>"; };
		EE012FA3155978FE00174A5A /* Banner-01.png */ = {isa = PBXFileReference; lastKnownFileType = image.png; path = "Banner-01.png"; sourceTree = "<group>"; };
		EE012FA4155978FE00174A5A /* Banner-02.png */ = {isa = PBXFileReference; lastKnownFileType = image.png; path = "Banner-02.png"; sourceTree = "<group>"; };
		EE012FA5155978FE00174A5A /* cred.png */ = {isa = PBXFileReference; lastKnownFileType = image.png; path = cred.png; sourceTree = "<group>"; };
		EE012FA6155978FE00174A5A /* example.png */ = {isa = PBXFileReference; lastKnownFileType = image.png; path = example.png; sourceTree = "<group>"; };
		EE012FA7155978FE00174A5A /* icon-0a.png */ = {isa = PBXFileReference; lastKnownFileType = image.png; path = "icon-0a.png"; sourceTree = "<group>"; };
		EE012FA8155978FE00174A5A /* icon-0b.png */ = {isa = PBXFileReference; lastKnownFileType = image.png; path = "icon-0b.png"; sourceTree = "<group>"; };
		EE012FA9155978FE00174A5A /* icon-0c.png */ = {isa = PBXFileReference; lastKnownFileType = image.png; path = "icon-0c.png"; sourceTree = "<group>"; };
		EE012FAA155978FE00174A5A /* icon-0d.png */ = {isa = PBXFileReference; lastKnownFileType = image.png; path = "icon-0d.png"; sourceTree = "<group>"; };
		EE012FAB155978FE00174A5A /* icon-0e.png */ = {isa = PBXFileReference; lastKnownFileType = image.png; path = "icon-0e.png"; sourceTree = "<group>"; };
		EE012FAC155978FE00174A5A /* icon-0f.png */ = {isa = PBXFileReference; lastKnownFileType = image.png; path = "icon-0f.png"; sourceTree = "<group>"; };
		EE012FAD155978FE00174A5A /* icon-0g.png */ = {isa = PBXFileReference; lastKnownFileType = image.png; path = "icon-0g.png"; sourceTree = "<group>"; };
		EE012FAE155978FE00174A5A /* icon-0h.png */ = {isa = PBXFileReference; lastKnownFileType = image.png; path = "icon-0h.png"; sourceTree = "<group>"; };
		EE012FAF155978FE00174A5A /* icon-0i.png */ = {isa = PBXFileReference; lastKnownFileType = image.png; path = "icon-0i.png"; sourceTree = "<group>"; };
		EE012FB0155978FE00174A5A /* MainLogo-01.png */ = {isa = PBXFileReference; lastKnownFileType = image.png; path = "MainLogo-01.png"; sourceTree = "<group>"; };
		EE012FB1155978FE00174A5A /* OriginalIcon.png */ = {isa = PBXFileReference; lastKnownFileType = image.png; path = OriginalIcon.png; sourceTree = "<group>"; };
		EE012FC81559815300174A5A /* TFNavigationBar.h */ = {isa = PBXFileReference; fileEncoding = 4; lastKnownFileType = sourcecode.c.h; path = TFNavigationBar.h; sourceTree = "<group>"; };
		EE012FC91559815300174A5A /* TFNavigationBar.m */ = {isa = PBXFileReference; fileEncoding = 4; lastKnownFileType = sourcecode.c.objc; path = TFNavigationBar.m; sourceTree = "<group>"; };
		EE21F82F1544FF6200347E06 /* UWSBuildingsTVC.h */ = {isa = PBXFileReference; fileEncoding = 4; lastKnownFileType = sourcecode.c.h; name = UWSBuildingsTVC.h; path = Buildings/UWSBuildingsTVC.h; sourceTree = "<group>"; };
		EE21F8301544FF6200347E06 /* UWSBuildingsTVC.m */ = {isa = PBXFileReference; fileEncoding = 4; lastKnownFileType = sourcecode.c.objc; name = UWSBuildingsTVC.m; path = Buildings/UWSBuildingsTVC.m; sourceTree = "<group>"; };
		EE21F83A15450BFC00347E06 /* CircleArrowDown_sml.png */ = {isa = PBXFileReference; lastKnownFileType = image.png; path = CircleArrowDown_sml.png; sourceTree = "<group>"; };
		EE21F83B15450BFC00347E06 /* CircleArrowRight_sml.png */ = {isa = PBXFileReference; lastKnownFileType = image.png; path = CircleArrowRight_sml.png; sourceTree = "<group>"; };
		EE21F83E1546227D00347E06 /* UWSTreeNodeBuildings.h */ = {isa = PBXFileReference; fileEncoding = 4; lastKnownFileType = sourcecode.c.h; name = UWSTreeNodeBuildings.h; path = Buildings/UWSTreeNodeBuildings.h; sourceTree = "<group>"; };
		EE21F83F1546227D00347E06 /* UWSTreeNodeBuildings.m */ = {isa = PBXFileReference; fileEncoding = 4; lastKnownFileType = sourcecode.c.objc; name = UWSTreeNodeBuildings.m; path = Buildings/UWSTreeNodeBuildings.m; sourceTree = "<group>"; };
		EE21F8441546245000347E06 /* UWSTreeViewCellBuildings.h */ = {isa = PBXFileReference; fileEncoding = 4; lastKnownFileType = sourcecode.c.h; name = UWSTreeViewCellBuildings.h; path = Buildings/UWSTreeViewCellBuildings.h; sourceTree = "<group>"; };
		EE21F8451546245000347E06 /* UWSTreeViewCellBuildings.m */ = {isa = PBXFileReference; fileEncoding = 4; lastKnownFileType = sourcecode.c.objc; name = UWSTreeViewCellBuildings.m; path = Buildings/UWSTreeViewCellBuildings.m; sourceTree = "<group>"; };
		EE3D330E154DAD9400C138D9 /* UWSBuildingsInfoTVC.h */ = {isa = PBXFileReference; fileEncoding = 4; lastKnownFileType = sourcecode.c.h; name = UWSBuildingsInfoTVC.h; path = "Buildings Info/UWSBuildingsInfoTVC.h"; sourceTree = "<group>"; };
		EE3D330F154DAD9400C138D9 /* UWSBuildingsInfoTVC.m */ = {isa = PBXFileReference; fileEncoding = 4; lastKnownFileType = sourcecode.c.objc; name = UWSBuildingsInfoTVC.m; path = "Buildings Info/UWSBuildingsInfoTVC.m"; sourceTree = "<group>"; };
		EE3D3311154DAED800C138D9 /* UWSBuildingsInfoCell.h */ = {isa = PBXFileReference; fileEncoding = 4; lastKnownFileType = sourcecode.c.h; name = UWSBuildingsInfoCell.h; path = "Buildings Info/UWSBuildingsInfoCell.h"; sourceTree = "<group>"; };
		EE3D3312154DAED800C138D9 /* UWSBuildingsInfoCell.m */ = {isa = PBXFileReference; fileEncoding = 4; lastKnownFileType = sourcecode.c.objc; name = UWSBuildingsInfoCell.m; path = "Buildings Info/UWSBuildingsInfoCell.m"; sourceTree = "<group>"; };
		EE4232AB14F008BF00731267 /* UWSuite.app */ = {isa = PBXFileReference; explicitFileType = wrapper.application; includeInIndex = 0; path = UWSuite.app; sourceTree = BUILT_PRODUCTS_DIR; };
		EE4232AF14F008BF00731267 /* UIKit.framework */ = {isa = PBXFileReference; lastKnownFileType = wrapper.framework; name = UIKit.framework; path = System/Library/Frameworks/UIKit.framework; sourceTree = SDKROOT; };
		EE4232B114F008BF00731267 /* Foundation.framework */ = {isa = PBXFileReference; lastKnownFileType = wrapper.framework; name = Foundation.framework; path = System/Library/Frameworks/Foundation.framework; sourceTree = SDKROOT; };
		EE4232B314F008BF00731267 /* CoreGraphics.framework */ = {isa = PBXFileReference; lastKnownFileType = wrapper.framework; name = CoreGraphics.framework; path = System/Library/Frameworks/CoreGraphics.framework; sourceTree = SDKROOT; };
		EE4232B714F008BF00731267 /* UWSuite-Info.plist */ = {isa = PBXFileReference; lastKnownFileType = text.plist.xml; path = "UWSuite-Info.plist"; sourceTree = "<group>"; };
		EE4232B914F008BF00731267 /* en */ = {isa = PBXFileReference; lastKnownFileType = text.plist.strings; name = en; path = en.lproj/InfoPlist.strings; sourceTree = "<group>"; };
		EE4232BB14F008BF00731267 /* main.m */ = {isa = PBXFileReference; lastKnownFileType = sourcecode.c.objc; path = main.m; sourceTree = "<group>"; };
		EE4232BD14F008BF00731267 /* UWSuite-Prefix.pch */ = {isa = PBXFileReference; lastKnownFileType = sourcecode.c.h; path = "UWSuite-Prefix.pch"; sourceTree = "<group>"; };
		EE4232BE14F008BF00731267 /* UWSAppDelegate.h */ = {isa = PBXFileReference; lastKnownFileType = sourcecode.c.h; path = UWSAppDelegate.h; sourceTree = "<group>"; };
		EE4232BF14F008BF00731267 /* UWSAppDelegate.m */ = {isa = PBXFileReference; lastKnownFileType = sourcecode.c.objc; path = UWSAppDelegate.m; sourceTree = "<group>"; };
		EE4232C214F008BF00731267 /* en */ = {isa = PBXFileReference; lastKnownFileType = file.storyboard; name = en; path = en.lproj/MainStoryboard.storyboard; sourceTree = "<group>"; };
		EE4232CC14F008BF00731267 /* UWSuiteTests.octest */ = {isa = PBXFileReference; explicitFileType = wrapper.cfbundle; includeInIndex = 0; path = UWSuiteTests.octest; sourceTree = BUILT_PRODUCTS_DIR; };
		EE4232CD14F008BF00731267 /* SenTestingKit.framework */ = {isa = PBXFileReference; lastKnownFileType = wrapper.framework; name = SenTestingKit.framework; path = Library/Frameworks/SenTestingKit.framework; sourceTree = DEVELOPER_DIR; };
		EE4232D514F008BF00731267 /* UWSuiteTests-Info.plist */ = {isa = PBXFileReference; lastKnownFileType = text.plist.xml; path = "UWSuiteTests-Info.plist"; sourceTree = "<group>"; };
		EE4232D714F008BF00731267 /* en */ = {isa = PBXFileReference; lastKnownFileType = text.plist.strings; name = en; path = en.lproj/InfoPlist.strings; sourceTree = "<group>"; };
		EE4232D914F008BF00731267 /* UWSuiteTests.h */ = {isa = PBXFileReference; lastKnownFileType = sourcecode.c.h; path = UWSuiteTests.h; sourceTree = "<group>"; };
		EE4232DA14F008BF00731267 /* UWSuiteTests.m */ = {isa = PBXFileReference; lastKnownFileType = sourcecode.c.objc; path = UWSuiteTests.m; sourceTree = "<group>"; };
		EE42333E14F036D000731267 /* NSData+Base64.h */ = {isa = PBXFileReference; fileEncoding = 4; lastKnownFileType = sourcecode.c.h; path = "NSData+Base64.h"; sourceTree = "<group>"; };
		EE42333F14F036D000731267 /* NSData+Base64.m */ = {isa = PBXFileReference; fileEncoding = 4; lastKnownFileType = sourcecode.c.objc; path = "NSData+Base64.m"; sourceTree = "<group>"; };
		EE42334014F036D000731267 /* NSDate+RFC1123.h */ = {isa = PBXFileReference; fileEncoding = 4; lastKnownFileType = sourcecode.c.h; path = "NSDate+RFC1123.h"; sourceTree = "<group>"; };
		EE42334114F036D000731267 /* NSDate+RFC1123.m */ = {isa = PBXFileReference; fileEncoding = 4; lastKnownFileType = sourcecode.c.objc; path = "NSDate+RFC1123.m"; sourceTree = "<group>"; };
		EE42334214F036D000731267 /* NSDictionary+RequestEncoding.h */ = {isa = PBXFileReference; fileEncoding = 4; lastKnownFileType = sourcecode.c.h; path = "NSDictionary+RequestEncoding.h"; sourceTree = "<group>"; };
		EE42334314F036D000731267 /* NSDictionary+RequestEncoding.m */ = {isa = PBXFileReference; fileEncoding = 4; lastKnownFileType = sourcecode.c.objc; path = "NSDictionary+RequestEncoding.m"; sourceTree = "<group>"; };
		EE42334414F036D000731267 /* NSString+MKNetworkKitAdditions.h */ = {isa = PBXFileReference; fileEncoding = 4; lastKnownFileType = sourcecode.c.h; path = "NSString+MKNetworkKitAdditions.h"; sourceTree = "<group>"; };
		EE42334514F036D000731267 /* NSString+MKNetworkKitAdditions.m */ = {isa = PBXFileReference; fileEncoding = 4; lastKnownFileType = sourcecode.c.objc; path = "NSString+MKNetworkKitAdditions.m"; sourceTree = "<group>"; };
		EE42334614F036D000731267 /* UIAlertView+MKNetworkKitAdditions.h */ = {isa = PBXFileReference; fileEncoding = 4; lastKnownFileType = sourcecode.c.h; path = "UIAlertView+MKNetworkKitAdditions.h"; sourceTree = "<group>"; };
		EE42334714F036D000731267 /* UIAlertView+MKNetworkKitAdditions.m */ = {isa = PBXFileReference; fileEncoding = 4; lastKnownFileType = sourcecode.c.objc; path = "UIAlertView+MKNetworkKitAdditions.m"; sourceTree = "<group>"; };
		EE42334814F036D000731267 /* MKNetworkEngine.h */ = {isa = PBXFileReference; fileEncoding = 4; lastKnownFileType = sourcecode.c.h; path = MKNetworkEngine.h; sourceTree = "<group>"; };
		EE42334914F036D000731267 /* MKNetworkEngine.m */ = {isa = PBXFileReference; fileEncoding = 4; lastKnownFileType = sourcecode.c.objc; path = MKNetworkEngine.m; sourceTree = "<group>"; };
		EE42334A14F036D000731267 /* MKNetworkKit.h */ = {isa = PBXFileReference; fileEncoding = 4; lastKnownFileType = sourcecode.c.h; path = MKNetworkKit.h; sourceTree = "<group>"; };
		EE42334B14F036D000731267 /* MKNetworkOperation.h */ = {isa = PBXFileReference; fileEncoding = 4; lastKnownFileType = sourcecode.c.h; path = MKNetworkOperation.h; sourceTree = "<group>"; };
		EE42334C14F036D000731267 /* MKNetworkOperation.m */ = {isa = PBXFileReference; fileEncoding = 4; lastKnownFileType = sourcecode.c.objc; path = MKNetworkOperation.m; sourceTree = "<group>"; };
		EE42334E14F036D000731267 /* Reachability.h */ = {isa = PBXFileReference; fileEncoding = 4; lastKnownFileType = sourcecode.c.h; path = Reachability.h; sourceTree = "<group>"; };
		EE42334F14F036D000731267 /* Reachability.m */ = {isa = PBXFileReference; fileEncoding = 4; lastKnownFileType = sourcecode.c.objc; path = Reachability.m; sourceTree = "<group>"; };
		EE42335914F0375900731267 /* CFNetwork.framework */ = {isa = PBXFileReference; lastKnownFileType = wrapper.framework; name = CFNetwork.framework; path = System/Library/Frameworks/CFNetwork.framework; sourceTree = SDKROOT; };
		EE42335B14F0376400731267 /* SystemConfiguration.framework */ = {isa = PBXFileReference; lastKnownFileType = wrapper.framework; name = SystemConfiguration.framework; path = System/Library/Frameworks/SystemConfiguration.framework; sourceTree = SDKROOT; };
		EE42335D14F0377200731267 /* Security.framework */ = {isa = PBXFileReference; lastKnownFileType = wrapper.framework; name = Security.framework; path = System/Library/Frameworks/Security.framework; sourceTree = SDKROOT; };
		EE4FE7C7155206D700B435DC /* UWSParkingTVC.h */ = {isa = PBXFileReference; fileEncoding = 4; lastKnownFileType = sourcecode.c.h; name = UWSParkingTVC.h; path = Parking/UWSParkingTVC.h; sourceTree = "<group>"; };
		EE4FE7C8155206D700B435DC /* UWSParkingTVC.m */ = {isa = PBXFileReference; fileEncoding = 4; lastKnownFileType = sourcecode.c.objc; name = UWSParkingTVC.m; path = Parking/UWSParkingTVC.m; sourceTree = "<group>"; };
		EE4FE7CA155206F300B435DC /* UWSParkingCell.h */ = {isa = PBXFileReference; fileEncoding = 4; lastKnownFileType = sourcecode.c.h; name = UWSParkingCell.h; path = Parking/UWSParkingCell.h; sourceTree = "<group>"; };
		EE4FE7CB155206F300B435DC /* UWSParkingCell.m */ = {isa = PBXFileReference; fileEncoding = 4; lastKnownFileType = sourcecode.c.objc; name = UWSParkingCell.m; path = Parking/UWSParkingCell.m; sourceTree = "<group>"; };
		EE6775A41559C0B600F043EF /* Default.png */ = {isa = PBXFileReference; lastKnownFileType = image.png; path = Default.png; sourceTree = "<group>"; };
		EE9A9932155305E4009E6DDD /* UWSFoodInfoTVC.h */ = {isa = PBXFileReference; fileEncoding = 4; lastKnownFileType = sourcecode.c.h; name = UWSFoodInfoTVC.h; path = "Food Services/UWSFoodInfoTVC.h"; sourceTree = "<group>"; };
		EE9A9933155305E4009E6DDD /* UWSFoodInfoTVC.m */ = {isa = PBXFileReference; fileEncoding = 4; lastKnownFileType = sourcecode.c.objc; name = UWSFoodInfoTVC.m; path = "Food Services/UWSFoodInfoTVC.m"; sourceTree = "<group>"; };
		EE9A993515530636009E6DDD /* UWSTreeNodeFoodInfo.h */ = {isa = PBXFileReference; fileEncoding = 4; lastKnownFileType = sourcecode.c.h; name = UWSTreeNodeFoodInfo.h; path = "Food Services/UWSTreeNodeFoodInfo.h"; sourceTree = "<group>"; };
		EE9A993615530636009E6DDD /* UWSTreeNodeFoodInfo.m */ = {isa = PBXFileReference; fileEncoding = 4; lastKnownFileType = sourcecode.c.objc; name = UWSTreeNodeFoodInfo.m; path = "Food Services/UWSTreeNodeFoodInfo.m"; sourceTree = "<group>"; };
		EE9A99381553065D009E6DDD /* UWSTreeViewCellFoodInfo.h */ = {isa = PBXFileReference; fileEncoding = 4; lastKnownFileType = sourcecode.c.h; name = UWSTreeViewCellFoodInfo.h; path = "Food Services/UWSTreeViewCellFoodInfo.h"; sourceTree = "<group>"; };
		EE9A99391553065D009E6DDD /* UWSTreeViewCellFoodInfo.m */ = {isa = PBXFileReference; fileEncoding = 4; lastKnownFileType = sourcecode.c.objc; name = UWSTreeViewCellFoodInfo.m; path = "Food Services/UWSTreeViewCellFoodInfo.m"; sourceTree = "<group>"; };
		EE9A994815575094009E6DDD /* UWSOMGUWTVC.h */ = {isa = PBXFileReference; fileEncoding = 4; lastKnownFileType = sourcecode.c.h; name = UWSOMGUWTVC.h; path = OMGUW/UWSOMGUWTVC.h; sourceTree = "<group>"; };
		EE9A994915575094009E6DDD /* UWSOMGUWTVC.m */ = {isa = PBXFileReference; fileEncoding = 4; lastKnownFileType = sourcecode.c.objc; name = UWSOMGUWTVC.m; path = OMGUW/UWSOMGUWTVC.m; sourceTree = "<group>"; };
		EE9A994B155750B9009E6DDD /* UWSOMGUWCell.h */ = {isa = PBXFileReference; fileEncoding = 4; lastKnownFileType = sourcecode.c.h; name = UWSOMGUWCell.h; path = OMGUW/UWSOMGUWCell.h; sourceTree = "<group>"; };
		EE9A994C155750B9009E6DDD /* UWSOMGUWCell.m */ = {isa = PBXFileReference; fileEncoding = 4; lastKnownFileType = sourcecode.c.objc; name = UWSOMGUWCell.m; path = OMGUW/UWSOMGUWCell.m; sourceTree = "<group>"; };
		EEF8BEBC154E24000009A3E2 /* SpinnerView.h */ = {isa = PBXFileReference; fileEncoding = 4; lastKnownFileType = sourcecode.c.h; name = SpinnerView.h; path = SpinnerView/SpinnerView.h; sourceTree = "<group>"; };
		EEF8BEBD154E24000009A3E2 /* SpinnerView.m */ = {isa = PBXFileReference; fileEncoding = 4; lastKnownFileType = sourcecode.c.objc; name = SpinnerView.m; path = SpinnerView/SpinnerView.m; sourceTree = "<group>"; };
		EEF8BEC3154E2BFC0009A3E2 /* QuartzCore.framework */ = {isa = PBXFileReference; lastKnownFileType = wrapper.framework; name = QuartzCore.framework; path = System/Library/Frameworks/QuartzCore.framework; sourceTree = SDKROOT; };
		EEF8BEC6154F88580009A3E2 /* UWSExamTVC.h */ = {isa = PBXFileReference; fileEncoding = 4; lastKnownFileType = sourcecode.c.h; name = UWSExamTVC.h; path = "Exam Schedule/UWSExamTVC.h"; sourceTree = "<group>"; };
		EEF8BEC7154F88580009A3E2 /* UWSExamTVC.m */ = {isa = PBXFileReference; fileEncoding = 4; lastKnownFileType = sourcecode.c.objc; name = UWSExamTVC.m; path = "Exam Schedule/UWSExamTVC.m"; sourceTree = "<group>"; };
		EEF8BEC9154F89320009A3E2 /* UWSExamCell.h */ = {isa = PBXFileReference; fileEncoding = 4; lastKnownFileType = sourcecode.c.h; name = UWSExamCell.h; path = "Exam Schedule/UWSExamCell.h"; sourceTree = "<group>"; };
		EEF8BECA154F89320009A3E2 /* UWSExamCell.m */ = {isa = PBXFileReference; fileEncoding = 4; lastKnownFileType = sourcecode.c.objc; name = UWSExamCell.m; path = "Exam Schedule/UWSExamCell.m"; sourceTree = "<group>"; };
/* End PBXFileReference section */

/* Begin PBXFrameworksBuildPhase section */
		EE4232A814F008BF00731267 /* Frameworks */ = {
			isa = PBXFrameworksBuildPhase;
			buildActionMask = 2147483647;
			files = (
				EEF8BEC4154E2BFC0009A3E2 /* QuartzCore.framework in Frameworks */,
				EE42335E14F0377200731267 /* Security.framework in Frameworks */,
				EE42335C14F0376400731267 /* SystemConfiguration.framework in Frameworks */,
				EE42335A14F0375900731267 /* CFNetwork.framework in Frameworks */,
				EE4232B014F008BF00731267 /* UIKit.framework in Frameworks */,
				EE4232B214F008BF00731267 /* Foundation.framework in Frameworks */,
				EE4232B414F008BF00731267 /* CoreGraphics.framework in Frameworks */,
			);
			runOnlyForDeploymentPostprocessing = 0;
		};
		EE4232C814F008BF00731267 /* Frameworks */ = {
			isa = PBXFrameworksBuildPhase;
			buildActionMask = 2147483647;
			files = (
				EE4232CE14F008BF00731267 /* SenTestingKit.framework in Frameworks */,
				EE4232CF14F008BF00731267 /* UIKit.framework in Frameworks */,
				EE4232D014F008BF00731267 /* Foundation.framework in Frameworks */,
			);
			runOnlyForDeploymentPostprocessing = 0;
		};
/* End PBXFrameworksBuildPhase section */

/* Begin PBXGroup section */
		EE21F82D1544FEEF00347E06 /* Tree Example */ = {
			isa = PBXGroup;
			children = (
				EE21F82F1544FF6200347E06 /* UWSBuildingsTVC.h */,
				EE21F8301544FF6200347E06 /* UWSBuildingsTVC.m */,
				EE21F83E1546227D00347E06 /* UWSTreeNodeBuildings.h */,
				EE21F83F1546227D00347E06 /* UWSTreeNodeBuildings.m */,
				EE21F8441546245000347E06 /* UWSTreeViewCellBuildings.h */,
				EE21F8451546245000347E06 /* UWSTreeViewCellBuildings.m */,
			);
			name = "Tree Example";
			sourceTree = "<group>";
		};
		EE21F83915450BFC00347E06 /* Images */ = {
			isa = PBXGroup;
			children = (
				EE012FA3155978FE00174A5A /* Banner-01.png */,
				EE012FA4155978FE00174A5A /* Banner-02.png */,
				EE012FA5155978FE00174A5A /* cred.png */,
				EE012FA6155978FE00174A5A /* example.png */,
				EE012FA7155978FE00174A5A /* icon-0a.png */,
				EE012FA8155978FE00174A5A /* icon-0b.png */,
				EE012FA9155978FE00174A5A /* icon-0c.png */,
				EE012FAA155978FE00174A5A /* icon-0d.png */,
				EE012FAB155978FE00174A5A /* icon-0e.png */,
				EE012FAC155978FE00174A5A /* icon-0f.png */,
				EE012FAD155978FE00174A5A /* icon-0g.png */,
				EE012FAE155978FE00174A5A /* icon-0h.png */,
				EE012FAF155978FE00174A5A /* icon-0i.png */,
				EE012FB0155978FE00174A5A /* MainLogo-01.png */,
				EE012FB1155978FE00174A5A /* OriginalIcon.png */,
				EE21F83A15450BFC00347E06 /* CircleArrowDown_sml.png */,
				EE21F83B15450BFC00347E06 /* CircleArrowRight_sml.png */,
			);
			path = Images;
			sourceTree = "<group>";
		};
		EE3D330C154DAD5800C138D9 /* Buildings Info */ = {
			isa = PBXGroup;
			children = (
				EE3D330E154DAD9400C138D9 /* UWSBuildingsInfoTVC.h */,
				EE3D330F154DAD9400C138D9 /* UWSBuildingsInfoTVC.m */,
				EE3D3311154DAED800C138D9 /* UWSBuildingsInfoCell.h */,
				EE3D3312154DAED800C138D9 /* UWSBuildingsInfoCell.m */,
			);
			name = "Buildings Info";
			sourceTree = "<group>";
		};
		EE4232A014F008BF00731267 = {
			isa = PBXGroup;
			children = (
				EE42333A14F036D000731267 /* MKNetworkKit */,
				EE4232B514F008BF00731267 /* UWSuite */,
				EE4232D314F008BF00731267 /* UWSuiteTests */,
				EE4232AE14F008BF00731267 /* Frameworks */,
				EE4232AC14F008BF00731267 /* Products */,
			);
			sourceTree = "<group>";
		};
		EE4232AC14F008BF00731267 /* Products */ = {
			isa = PBXGroup;
			children = (
				EE4232AB14F008BF00731267 /* UWSuite.app */,
				EE4232CC14F008BF00731267 /* UWSuiteTests.octest */,
			);
			name = Products;
			sourceTree = "<group>";
		};
		EE4232AE14F008BF00731267 /* Frameworks */ = {
			isa = PBXGroup;
			children = (
				EEF8BEC3154E2BFC0009A3E2 /* QuartzCore.framework */,
				EE42335D14F0377200731267 /* Security.framework */,
				EE42335B14F0376400731267 /* SystemConfiguration.framework */,
				EE42335914F0375900731267 /* CFNetwork.framework */,
				EE4232AF14F008BF00731267 /* UIKit.framework */,
				EE4232B114F008BF00731267 /* Foundation.framework */,
				EE4232B314F008BF00731267 /* CoreGraphics.framework */,
				EE4232CD14F008BF00731267 /* SenTestingKit.framework */,
			);
			name = Frameworks;
			sourceTree = "<group>";
		};
		EE4232B514F008BF00731267 /* UWSuite */ = {
			isa = PBXGroup;
			children = (
				EE6775A41559C0B600F043EF /* Default.png */,
				EE8F8C2B155861A600A46BE7 /* HTTPGET */,
				EE9A994715574B64009E6DDD /* OMGUW */,
				EE9A9930155305AB009E6DDD /* Food Services Incomplete */,
				EE4FE7C5155206AD00B435DC /* Parking */,
				EEF8BEC5154F88340009A3E2 /* Exam Schedule */,
				EEF8BEBB154E23900009A3E2 /* SpinnerView */,
				EE3D330C154DAD5800C138D9 /* Buildings Info */,
				EE21F82D1544FEEF00347E06 /* Tree Example */,
				EE4232BE14F008BF00731267 /* UWSAppDelegate.h */,
				EE4232BF14F008BF00731267 /* UWSAppDelegate.m */,
				EE4232C114F008BF00731267 /* MainStoryboard.storyboard */,
				EE4232B614F008BF00731267 /* Supporting Files */,
				EE012FC81559815300174A5A /* TFNavigationBar.h */,
				EE012FC91559815300174A5A /* TFNavigationBar.m */,
			);
			path = UWSuite;
			sourceTree = "<group>";
		};
		EE4232B614F008BF00731267 /* Supporting Files */ = {
			isa = PBXGroup;
			children = (
				EE21F83915450BFC00347E06 /* Images */,
				EE4232B714F008BF00731267 /* UWSuite-Info.plist */,
				EE4232B814F008BF00731267 /* InfoPlist.strings */,
				EE4232BB14F008BF00731267 /* main.m */,
				EE4232BD14F008BF00731267 /* UWSuite-Prefix.pch */,
			);
			name = "Supporting Files";
			sourceTree = "<group>";
		};
		EE4232D314F008BF00731267 /* UWSuiteTests */ = {
			isa = PBXGroup;
			children = (
				EE4232D914F008BF00731267 /* UWSuiteTests.h */,
				EE4232DA14F008BF00731267 /* UWSuiteTests.m */,
				EE4232D414F008BF00731267 /* Supporting Files */,
			);
			path = UWSuiteTests;
			sourceTree = "<group>";
		};
		EE4232D414F008BF00731267 /* Supporting Files */ = {
			isa = PBXGroup;
			children = (
				EE4232D514F008BF00731267 /* UWSuiteTests-Info.plist */,
				EE4232D614F008BF00731267 /* InfoPlist.strings */,
			);
			name = "Supporting Files";
			sourceTree = "<group>";
		};
		EE42333A14F036D000731267 /* MKNetworkKit */ = {
			isa = PBXGroup;
			children = (
				EE42333B14F036D000731267 /* Categories */,
				EE42334814F036D000731267 /* MKNetworkEngine.h */,
				EE42334914F036D000731267 /* MKNetworkEngine.m */,
				EE42334A14F036D000731267 /* MKNetworkKit.h */,
				EE42334B14F036D000731267 /* MKNetworkOperation.h */,
				EE42334C14F036D000731267 /* MKNetworkOperation.m */,
				EE42334D14F036D000731267 /* Reachability */,
			);
			path = MKNetworkKit;
			sourceTree = "<group>";
		};
		EE42333B14F036D000731267 /* Categories */ = {
			isa = PBXGroup;
			children = (
				EE42333E14F036D000731267 /* NSData+Base64.h */,
				EE42333F14F036D000731267 /* NSData+Base64.m */,
				EE42334014F036D000731267 /* NSDate+RFC1123.h */,
				EE42334114F036D000731267 /* NSDate+RFC1123.m */,
				EE42334214F036D000731267 /* NSDictionary+RequestEncoding.h */,
				EE42334314F036D000731267 /* NSDictionary+RequestEncoding.m */,
				EE42334414F036D000731267 /* NSString+MKNetworkKitAdditions.h */,
				EE42334514F036D000731267 /* NSString+MKNetworkKitAdditions.m */,
				EE42334614F036D000731267 /* UIAlertView+MKNetworkKitAdditions.h */,
				EE42334714F036D000731267 /* UIAlertView+MKNetworkKitAdditions.m */,
			);
			path = Categories;
			sourceTree = "<group>";
		};
		EE42334D14F036D000731267 /* Reachability */ = {
			isa = PBXGroup;
			children = (
				EE42334E14F036D000731267 /* Reachability.h */,
				EE42334F14F036D000731267 /* Reachability.m */,
			);
			path = Reachability;
			sourceTree = "<group>";
		};
		EE4FE7C5155206AD00B435DC /* Parking */ = {
			isa = PBXGroup;
			children = (
				EE4FE7C7155206D700B435DC /* UWSParkingTVC.h */,
				EE4FE7C8155206D700B435DC /* UWSParkingTVC.m */,
				EE4FE7CA155206F300B435DC /* UWSParkingCell.h */,
				EE4FE7CB155206F300B435DC /* UWSParkingCell.m */,
			);
			name = Parking;
			sourceTree = "<group>";
		};
		EE8F8C2B155861A600A46BE7 /* HTTPGET */ = {
			isa = PBXGroup;
			children = (
				EE012F92155865F800174A5A /* HTTPGet.h */,
				EE012F93155865F800174A5A /* HTTPGet.m */,
			);
			name = HTTPGET;
			sourceTree = "<group>";
		};
		EE9A9930155305AB009E6DDD /* Food Services Incomplete */ = {
			isa = PBXGroup;
			children = (
				EE9A9932155305E4009E6DDD /* UWSFoodInfoTVC.h */,
				EE9A9933155305E4009E6DDD /* UWSFoodInfoTVC.m */,
				EE9A993515530636009E6DDD /* UWSTreeNodeFoodInfo.h */,
				EE9A993615530636009E6DDD /* UWSTreeNodeFoodInfo.m */,
				EE9A99381553065D009E6DDD /* UWSTreeViewCellFoodInfo.h */,
				EE9A99391553065D009E6DDD /* UWSTreeViewCellFoodInfo.m */,
			);
			name = "Food Services Incomplete";
			sourceTree = "<group>";
		};
		EE9A994715574B64009E6DDD /* OMGUW */ = {
			isa = PBXGroup;
			children = (
				EE9A994815575094009E6DDD /* UWSOMGUWTVC.h */,
				EE9A994915575094009E6DDD /* UWSOMGUWTVC.m */,
				EE9A994B155750B9009E6DDD /* UWSOMGUWCell.h */,
				EE9A994C155750B9009E6DDD /* UWSOMGUWCell.m */,
			);
			name = OMGUW;
			sourceTree = "<group>";
		};
		EEF8BEBB154E23900009A3E2 /* SpinnerView */ = {
			isa = PBXGroup;
			children = (
				EEF8BEBC154E24000009A3E2 /* SpinnerView.h */,
				EEF8BEBD154E24000009A3E2 /* SpinnerView.m */,
			);
			name = SpinnerView;
			sourceTree = "<group>";
		};
		EEF8BEC5154F88340009A3E2 /* Exam Schedule */ = {
			isa = PBXGroup;
			children = (
				EEF8BEC6154F88580009A3E2 /* UWSExamTVC.h */,
				EEF8BEC7154F88580009A3E2 /* UWSExamTVC.m */,
				EEF8BEC9154F89320009A3E2 /* UWSExamCell.h */,
				EEF8BECA154F89320009A3E2 /* UWSExamCell.m */,
			);
			name = "Exam Schedule";
			sourceTree = "<group>";
		};
/* End PBXGroup section */

/* Begin PBXNativeTarget section */
		EE4232AA14F008BF00731267 /* UWSuite */ = {
			isa = PBXNativeTarget;
			buildConfigurationList = EE4232DE14F008BF00731267 /* Build configuration list for PBXNativeTarget "UWSuite" */;
			buildPhases = (
				EE4232A714F008BF00731267 /* Sources */,
				EE4232A814F008BF00731267 /* Frameworks */,
				EE4232A914F008BF00731267 /* Resources */,
			);
			buildRules = (
			);
			dependencies = (
			);
			name = UWSuite;
			productName = UWSuite;
			productReference = EE4232AB14F008BF00731267 /* UWSuite.app */;
			productType = "com.apple.product-type.application";
		};
		EE4232CB14F008BF00731267 /* UWSuiteTests */ = {
			isa = PBXNativeTarget;
			buildConfigurationList = EE4232E114F008BF00731267 /* Build configuration list for PBXNativeTarget "UWSuiteTests" */;
			buildPhases = (
				EE4232C714F008BF00731267 /* Sources */,
				EE4232C814F008BF00731267 /* Frameworks */,
				EE4232C914F008BF00731267 /* Resources */,
				EE4232CA14F008BF00731267 /* ShellScript */,
			);
			buildRules = (
			);
			dependencies = (
				EE4232D214F008BF00731267 /* PBXTargetDependency */,
			);
			name = UWSuiteTests;
			productName = UWSuiteTests;
			productReference = EE4232CC14F008BF00731267 /* UWSuiteTests.octest */;
			productType = "com.apple.product-type.bundle";
		};
/* End PBXNativeTarget section */

/* Begin PBXProject section */
		EE4232A214F008BF00731267 /* Project object */ = {
			isa = PBXProject;
			attributes = {
				LastUpgradeCheck = 0420;
			};
			buildConfigurationList = EE4232A514F008BF00731267 /* Build configuration list for PBXProject "UWSuite" */;
			compatibilityVersion = "Xcode 3.2";
			developmentRegion = English;
			hasScannedForEncodings = 0;
			knownRegions = (
				en,
			);
			mainGroup = EE4232A014F008BF00731267;
			productRefGroup = EE4232AC14F008BF00731267 /* Products */;
			projectDirPath = "";
			projectRoot = "";
			targets = (
				EE4232AA14F008BF00731267 /* UWSuite */,
				EE4232CB14F008BF00731267 /* UWSuiteTests */,
			);
		};
/* End PBXProject section */

/* Begin PBXResourcesBuildPhase section */
		EE4232A914F008BF00731267 /* Resources */ = {
			isa = PBXResourcesBuildPhase;
			buildActionMask = 2147483647;
			files = (
				EE4232BA14F008BF00731267 /* InfoPlist.strings in Resources */,
				EE4232C314F008BF00731267 /* MainStoryboard.storyboard in Resources */,
				EE21F83C15450BFC00347E06 /* CircleArrowDown_sml.png in Resources */,
				EE21F83D15450BFC00347E06 /* CircleArrowRight_sml.png in Resources */,
				EE012FB2155978FE00174A5A /* Banner-01.png in Resources */,
				EE012FB3155978FE00174A5A /* Banner-02.png in Resources */,
				EE012FB4155978FE00174A5A /* cred.png in Resources */,
				EE012FB5155978FE00174A5A /* example.png in Resources */,
				EE012FB6155978FE00174A5A /* icon-0a.png in Resources */,
				EE012FB7155978FE00174A5A /* icon-0b.png in Resources */,
				EE012FB8155978FE00174A5A /* icon-0c.png in Resources */,
				EE012FB9155978FE00174A5A /* icon-0d.png in Resources */,
				EE012FBA155978FE00174A5A /* icon-0e.png in Resources */,
				EE012FBB155978FE00174A5A /* icon-0f.png in Resources */,
				EE012FBC155978FE00174A5A /* icon-0g.png in Resources */,
				EE012FBD155978FE00174A5A /* icon-0h.png in Resources */,
				EE012FBE155978FE00174A5A /* icon-0i.png in Resources */,
				EE012FBF155978FE00174A5A /* MainLogo-01.png in Resources */,
				EE012FC0155978FE00174A5A /* OriginalIcon.png in Resources */,
				EE6775A51559C0B600F043EF /* Default.png in Resources */,
			);
			runOnlyForDeploymentPostprocessing = 0;
		};
		EE4232C914F008BF00731267 /* Resources */ = {
			isa = PBXResourcesBuildPhase;
			buildActionMask = 2147483647;
			files = (
				EE4232D814F008BF00731267 /* InfoPlist.strings in Resources */,
			);
			runOnlyForDeploymentPostprocessing = 0;
		};
/* End PBXResourcesBuildPhase section */

/* Begin PBXShellScriptBuildPhase section */
		EE4232CA14F008BF00731267 /* ShellScript */ = {
			isa = PBXShellScriptBuildPhase;
			buildActionMask = 2147483647;
			files = (
			);
			inputPaths = (
			);
			outputPaths = (
			);
			runOnlyForDeploymentPostprocessing = 0;
			shellPath = /bin/sh;
			shellScript = "# Run the unit tests in this test bundle.\n\"${SYSTEM_DEVELOPER_DIR}/Tools/RunUnitTests\"\n";
		};
/* End PBXShellScriptBuildPhase section */

/* Begin PBXSourcesBuildPhase section */
		EE4232A714F008BF00731267 /* Sources */ = {
			isa = PBXSourcesBuildPhase;
			buildActionMask = 2147483647;
			files = (
				EE4232BC14F008BF00731267 /* main.m in Sources */,
				EE4232C014F008BF00731267 /* UWSAppDelegate.m in Sources */,
				EE42335114F036D000731267 /* NSData+Base64.m in Sources */,
				EE42335214F036D000731267 /* NSDate+RFC1123.m in Sources */,
				EE42335314F036D000731267 /* NSDictionary+RequestEncoding.m in Sources */,
				EE42335414F036D000731267 /* NSString+MKNetworkKitAdditions.m in Sources */,
				EE42335514F036D000731267 /* UIAlertView+MKNetworkKitAdditions.m in Sources */,
				EE42335614F036D000731267 /* MKNetworkEngine.m in Sources */,
				EE42335714F036D000731267 /* MKNetworkOperation.m in Sources */,
				EE42335814F036D000731267 /* Reachability.m in Sources */,
				EE21F8311544FF6200347E06 /* UWSBuildingsTVC.m in Sources */,
				EE21F8401546227D00347E06 /* UWSTreeNodeBuildings.m in Sources */,
				EE21F8461546245000347E06 /* UWSTreeViewCellBuildings.m in Sources */,
				EE3D3310154DAD9400C138D9 /* UWSBuildingsInfoTVC.m in Sources */,
				EE3D3313154DAED800C138D9 /* UWSBuildingsInfoCell.m in Sources */,
				EEF8BEBE154E24000009A3E2 /* SpinnerView.m in Sources */,
				EEF8BEC8154F88580009A3E2 /* UWSExamTVC.m in Sources */,
				EEF8BECB154F89320009A3E2 /* UWSExamCell.m in Sources */,
				EE4FE7C9155206D700B435DC /* UWSParkingTVC.m in Sources */,
				EE4FE7CC155206F300B435DC /* UWSParkingCell.m in Sources */,
				EE9A9934155305E4009E6DDD /* UWSFoodInfoTVC.m in Sources */,
				EE9A993715530636009E6DDD /* UWSTreeNodeFoodInfo.m in Sources */,
				EE9A993A1553065D009E6DDD /* UWSTreeViewCellFoodInfo.m in Sources */,
				EE9A994A15575094009E6DDD /* UWSOMGUWTVC.m in Sources */,
				EE9A994D155750B9009E6DDD /* UWSOMGUWCell.m in Sources */,
				EE012F94155865F800174A5A /* HTTPGet.m in Sources */,
				EE012FCA1559815400174A5A /* TFNavigationBar.m in Sources */,
			);
			runOnlyForDeploymentPostprocessing = 0;
		};
		EE4232C714F008BF00731267 /* Sources */ = {
			isa = PBXSourcesBuildPhase;
			buildActionMask = 2147483647;
			files = (
				EE4232DB14F008BF00731267 /* UWSuiteTests.m in Sources */,
			);
			runOnlyForDeploymentPostprocessing = 0;
		};
/* End PBXSourcesBuildPhase section */

/* Begin PBXTargetDependency section */
		EE4232D214F008BF00731267 /* PBXTargetDependency */ = {
			isa = PBXTargetDependency;
			target = EE4232AA14F008BF00731267 /* UWSuite */;
			targetProxy = EE4232D114F008BF00731267 /* PBXContainerItemProxy */;
		};
/* End PBXTargetDependency section */

/* Begin PBXVariantGroup section */
		EE4232B814F008BF00731267 /* InfoPlist.strings */ = {
			isa = PBXVariantGroup;
			children = (
				EE4232B914F008BF00731267 /* en */,
			);
			name = InfoPlist.strings;
			sourceTree = "<group>";
		};
		EE4232C114F008BF00731267 /* MainStoryboard.storyboard */ = {
			isa = PBXVariantGroup;
			children = (
				EE4232C214F008BF00731267 /* en */,
			);
			name = MainStoryboard.storyboard;
			sourceTree = "<group>";
		};
		EE4232D614F008BF00731267 /* InfoPlist.strings */ = {
			isa = PBXVariantGroup;
			children = (
				EE4232D714F008BF00731267 /* en */,
			);
			name = InfoPlist.strings;
			sourceTree = "<group>";
		};
/* End PBXVariantGroup section */

/* Begin XCBuildConfiguration section */
		EE4232DC14F008BF00731267 /* Debug */ = {
			isa = XCBuildConfiguration;
			buildSettings = {
				ALWAYS_SEARCH_USER_PATHS = NO;
				ARCHS = "$(ARCHS_STANDARD_32_BIT)";
				CLANG_ENABLE_OBJC_ARC = YES;
				"CODE_SIGN_IDENTITY[sdk=iphoneos*]" = "iPhone Developer";
				COPY_PHASE_STRIP = NO;
				GCC_C_LANGUAGE_STANDARD = gnu99;
				GCC_DYNAMIC_NO_PIC = NO;
				GCC_OPTIMIZATION_LEVEL = 0;
				GCC_PREPROCESSOR_DEFINITIONS = (
					"DEBUG=1",
					"$(inherited)",
				);
				GCC_SYMBOLS_PRIVATE_EXTERN = NO;
				GCC_VERSION = com.apple.compilers.llvm.clang.1_0;
				GCC_WARN_ABOUT_MISSING_PROTOTYPES = YES;
				GCC_WARN_ABOUT_RETURN_TYPE = YES;
				GCC_WARN_UNUSED_VARIABLE = YES;
				IPHONEOS_DEPLOYMENT_TARGET = 5.0;
				SDKROOT = iphoneos;
			};
			name = Debug;
		};
		EE4232DD14F008BF00731267 /* Release */ = {
			isa = XCBuildConfiguration;
			buildSettings = {
				ALWAYS_SEARCH_USER_PATHS = NO;
				ARCHS = "$(ARCHS_STANDARD_32_BIT)";
				CLANG_ENABLE_OBJC_ARC = YES;
				"CODE_SIGN_IDENTITY[sdk=iphoneos*]" = "iPhone Developer";
				COPY_PHASE_STRIP = YES;
				GCC_C_LANGUAGE_STANDARD = gnu99;
				GCC_VERSION = com.apple.compilers.llvm.clang.1_0;
				GCC_WARN_ABOUT_MISSING_PROTOTYPES = YES;
				GCC_WARN_ABOUT_RETURN_TYPE = YES;
				GCC_WARN_UNUSED_VARIABLE = YES;
				IPHONEOS_DEPLOYMENT_TARGET = 5.0;
				OTHER_CFLAGS = "-DNS_BLOCK_ASSERTIONS=1";
				SDKROOT = iphoneos;
				VALIDATE_PRODUCT = YES;
			};
			name = Release;
		};
		EE4232DF14F008BF00731267 /* Debug */ = {
			isa = XCBuildConfiguration;
			buildSettings = {
				CLANG_ENABLE_OBJC_ARC = YES;
				GCC_PRECOMPILE_PREFIX_HEADER = YES;
				GCC_PREFIX_HEADER = "UWSuite/UWSuite-Prefix.pch";
				INFOPLIST_FILE = "UWSuite/UWSuite-Info.plist";
				PRODUCT_NAME = "$(TARGET_NAME)";
				WRAPPER_EXTENSION = app;
			};
			name = Debug;
		};
		EE4232E014F008BF00731267 /* Release */ = {
			isa = XCBuildConfiguration;
			buildSettings = {
				CLANG_ENABLE_OBJC_ARC = YES;
				GCC_PRECOMPILE_PREFIX_HEADER = YES;
				GCC_PREFIX_HEADER = "UWSuite/UWSuite-Prefix.pch";
				INFOPLIST_FILE = "UWSuite/UWSuite-Info.plist";
				PRODUCT_NAME = "$(TARGET_NAME)";
				WRAPPER_EXTENSION = app;
			};
			name = Release;
		};
		EE4232E214F008BF00731267 /* Debug */ = {
			isa = XCBuildConfiguration;
			buildSettings = {
				BUNDLE_LOADER = "$(BUILT_PRODUCTS_DIR)/UWSuite.app/UWSuite";
				FRAMEWORK_SEARCH_PATHS = (
					"$(SDKROOT)/Developer/Library/Frameworks",
					"$(DEVELOPER_LIBRARY_DIR)/Frameworks",
				);
				GCC_PRECOMPILE_PREFIX_HEADER = YES;
				GCC_PREFIX_HEADER = "UWSuite/UWSuite-Prefix.pch";
				INFOPLIST_FILE = "UWSuiteTests/UWSuiteTests-Info.plist";
				PRODUCT_NAME = "$(TARGET_NAME)";
				TEST_HOST = "$(BUNDLE_LOADER)";
				WRAPPER_EXTENSION = octest;
			};
			name = Debug;
		};
		EE4232E314F008BF00731267 /* Release */ = {
			isa = XCBuildConfiguration;
			buildSettings = {
				BUNDLE_LOADER = "$(BUILT_PRODUCTS_DIR)/UWSuite.app/UWSuite";
				FRAMEWORK_SEARCH_PATHS = (
					"$(SDKROOT)/Developer/Library/Frameworks",
					"$(DEVELOPER_LIBRARY_DIR)/Frameworks",
				);
				GCC_PRECOMPILE_PREFIX_HEADER = YES;
				GCC_PREFIX_HEADER = "UWSuite/UWSuite-Prefix.pch";
				INFOPLIST_FILE = "UWSuiteTests/UWSuiteTests-Info.plist";
				PRODUCT_NAME = "$(TARGET_NAME)";
				TEST_HOST = "$(BUNDLE_LOADER)";
				WRAPPER_EXTENSION = octest;
			};
			name = Release;
		};
/* End XCBuildConfiguration section */

/* Begin XCConfigurationList section */
		EE4232A514F008BF00731267 /* Build configuration list for PBXProject "UWSuite" */ = {
			isa = XCConfigurationList;
			buildConfigurations = (
				EE4232DC14F008BF00731267 /* Debug */,
				EE4232DD14F008BF00731267 /* Release */,
			);
			defaultConfigurationIsVisible = 0;
			defaultConfigurationName = Release;
		};
		EE4232DE14F008BF00731267 /* Build configuration list for PBXNativeTarget "UWSuite" */ = {
			isa = XCConfigurationList;
			buildConfigurations = (
				EE4232DF14F008BF00731267 /* Debug */,
				EE4232E014F008BF00731267 /* Release */,
			);
			defaultConfigurationIsVisible = 0;
			defaultConfigurationName = Release;
		};
		EE4232E114F008BF00731267 /* Build configuration list for PBXNativeTarget "UWSuiteTests" */ = {
			isa = XCConfigurationList;
			buildConfigurations = (
				EE4232E214F008BF00731267 /* Debug */,
				EE4232E314F008BF00731267 /* Release */,
			);
			defaultConfigurationIsVisible = 0;
			defaultConfigurationName = Release;
		};
/* End XCConfigurationList section */
	};
	rootObject = EE4232A214F008BF00731267 /* Project object */;
}
