// !$*UTF8*$!
{
	archiveVersion = 1;
	classes = {
	};
	objectVersion = 46;
	objects = {

/* Begin PBXBuildFile section */
		EE4232B014F008BF00731267 /* UIKit.framework in Frameworks */ = {isa = PBXBuildFile; fileRef = EE4232AF14F008BF00731267 /* UIKit.framework */; };
		EE4232B214F008BF00731267 /* Foundation.framework in Frameworks */ = {isa = PBXBuildFile; fileRef = EE4232B114F008BF00731267 /* Foundation.framework */; };
		EE4232B414F008BF00731267 /* CoreGraphics.framework in Frameworks */ = {isa = PBXBuildFile; fileRef = EE4232B314F008BF00731267 /* CoreGraphics.framework */; };
		EE4232BA14F008BF00731267 /* InfoPlist.strings in Resources */ = {isa = PBXBuildFile; fileRef = EE4232B814F008BF00731267 /* InfoPlist.strings */; };
		EE4232BC14F008BF00731267 /* main.m in Sources */ = {isa = PBXBuildFile; fileRef = EE4232BB14F008BF00731267 /* main.m */; };
		EE4232C014F008BF00731267 /* UWSAppDelegate.m in Sources */ = {isa = PBXBuildFile; fileRef = EE4232BF14F008BF00731267 /* UWSAppDelegate.m */; };
		EE4232C314F008BF00731267 /* MainStoryboard.storyboard in Resources */ = {isa = PBXBuildFile; fileRef = EE4232C114F008BF00731267 /* MainStoryboard.storyboard */; };
		EE4232C614F008BF00731267 /* UWSViewController.m in Sources */ = {isa = PBXBuildFile; fileRef = EE4232C514F008BF00731267 /* UWSViewController.m */; };
		EE4232CE14F008BF00731267 /* SenTestingKit.framework in Frameworks */ = {isa = PBXBuildFile; fileRef = EE4232CD14F008BF00731267 /* SenTestingKit.framework */; };
		EE4232CF14F008BF00731267 /* UIKit.framework in Frameworks */ = {isa = PBXBuildFile; fileRef = EE4232AF14F008BF00731267 /* UIKit.framework */; };
		EE4232D014F008BF00731267 /* Foundation.framework in Frameworks */ = {isa = PBXBuildFile; fileRef = EE4232B114F008BF00731267 /* Foundation.framework */; };
		EE4232D814F008BF00731267 /* InfoPlist.strings in Resources */ = {isa = PBXBuildFile; fileRef = EE4232D614F008BF00731267 /* InfoPlist.strings */; };
		EE4232DB14F008BF00731267 /* UWSuiteTests.m in Sources */ = {isa = PBXBuildFile; fileRef = EE4232DA14F008BF00731267 /* UWSuiteTests.m */; };
/* End PBXBuildFile section */

/* Begin PBXContainerItemProxy section */
		EE4232D114F008BF00731267 /* PBXContainerItemProxy */ = {
			isa = PBXContainerItemProxy;
			containerPortal = EE4232A214F008BF00731267 /* Project object */;
			proxyType = 1;
			remoteGlobalIDString = EE4232AA14F008BF00731267;
			remoteInfo = UWSuite;
		};
/* End PBXContainerItemProxy section */

/* Begin PBXFileReference section */
		EE4232AB14F008BF00731267 /* UWSuite.app */ = {isa = PBXFileReference; explicitFileType = wrapper.application; includeInIndex = 0; path = UWSuite.app; sourceTree = BUILT_PRODUCTS_DIR; };
		EE4232AF14F008BF00731267 /* UIKit.framework */ = {isa = PBXFileReference; lastKnownFileType = wrapper.framework; name = UIKit.framework; path = System/Library/Frameworks/UIKit.framework; sourceTree = SDKROOT; };
		EE4232B114F008BF00731267 /* Foundation.framework */ = {isa = PBXFileReference; lastKnownFileType = wrapper.framework; name = Foundation.framework; path = System/Library/Frameworks/Foundation.framework; sourceTree = SDKROOT; };
		EE4232B314F008BF00731267 /* CoreGraphics.framework */ = {isa = PBXFileReference; lastKnownFileType = wrapper.framework; name = CoreGraphics.framework; path = System/Library/Frameworks/CoreGraphics.framework; sourceTree = SDKROOT; };
		EE4232B714F008BF00731267 /* UWSuite-Info.plist */ = {isa = PBXFileReference; path = "UWSuite-Info.plist"; sourceTree = "<group>"; };
		EE4232B914F008BF00731267 /* en */ = {isa = PBXFileReference; lastKnownFileType = text.plist.strings; name = en; path = en.lproj/InfoPlist.strings; sourceTree = "<group>"; };
		EE4232BB14F008BF00731267 /* main.m */ = {isa = PBXFileReference; lastKnownFileType = sourcecode.c.objc; path = main.m; sourceTree = "<group>"; };
		EE4232BD14F008BF00731267 /* UWSuite-Prefix.pch */ = {isa = PBXFileReference; path = "UWSuite-Prefix.pch"; sourceTree = "<group>"; };
		EE4232BE14F008BF00731267 /* UWSAppDelegate.h */ = {isa = PBXFileReference; path = UWSAppDelegate.h; sourceTree = "<group>"; };
		EE4232BF14F008BF00731267 /* UWSAppDelegate.m */ = {isa = PBXFileReference; lastKnownFileType = sourcecode.c.objc; path = UWSAppDelegate.m; sourceTree = "<group>"; };
		EE4232C214F008BF00731267 /* en */ = {isa = PBXFileReference; lastKnownFileType = file.storyboard; name = en; path = en.lproj/MainStoryboard.storyboard; sourceTree = "<group>"; };
		EE4232C414F008BF00731267 /* UWSViewController.h */ = {isa = PBXFileReference; path = UWSViewController.h; sourceTree = "<group>"; };
		EE4232C514F008BF00731267 /* UWSViewController.m */ = {isa = PBXFileReference; lastKnownFileType = sourcecode.c.objc; path = UWSViewController.m; sourceTree = "<group>"; };
		EE4232CC14F008BF00731267 /* UWSuiteTests.octest */ = {isa = PBXFileReference; explicitFileType = wrapper.cfbundle; includeInIndex = 0; path = UWSuiteTests.octest; sourceTree = BUILT_PRODUCTS_DIR; };
		EE4232CD14F008BF00731267 /* SenTestingKit.framework */ = {isa = PBXFileReference; lastKnownFileType = wrapper.framework; name = SenTestingKit.framework; path = Library/Frameworks/SenTestingKit.framework; sourceTree = DEVELOPER_DIR; };
		EE4232D514F008BF00731267 /* UWSuiteTests-Info.plist */ = {isa = PBXFileReference; path = "UWSuiteTests-Info.plist"; sourceTree = "<group>"; };
		EE4232D714F008BF00731267 /* en */ = {isa = PBXFileReference; lastKnownFileType = text.plist.strings; name = en; path = en.lproj/InfoPlist.strings; sourceTree = "<group>"; };
		EE4232D914F008BF00731267 /* UWSuiteTests.h */ = {isa = PBXFileReference; path = UWSuiteTests.h; sourceTree = "<group>"; };
		EE4232DA14F008BF00731267 /* UWSuiteTests.m */ = {isa = PBXFileReference; lastKnownFileType = sourcecode.c.objc; path = UWSuiteTests.m; sourceTree = "<group>"; };
/* End PBXFileReference section */

/* Begin PBXFrameworksBuildPhase section */
		EE4232A814F008BF00731267 /* Frameworks */ = {
			isa = PBXFrameworksBuildPhase;
			buildActionMask = 2147483647;
			files = (
				EE4232B014F008BF00731267 /* UIKit.framework in Frameworks */,
				EE4232B214F008BF00731267 /* Foundation.framework in Frameworks */,
				EE4232B414F008BF00731267 /* CoreGraphics.framework in Frameworks */,
			);
			runOnlyForDeploymentPostprocessing = 0;
		};
		EE4232C814F008BF00731267 /* Frameworks */ = {
			isa = PBXFrameworksBuildPhase;
			buildActionMask = 2147483647;
			files = (
				EE4232CE14F008BF00731267 /* SenTestingKit.framework in Frameworks */,
				EE4232CF14F008BF00731267 /* UIKit.framework in Frameworks */,
				EE4232D014F008BF00731267 /* Foundation.framework in Frameworks */,
			);
			runOnlyForDeploymentPostprocessing = 0;
		};
/* End PBXFrameworksBuildPhase section */

/* Begin PBXGroup section */
		EE4232A014F008BF00731267 = {
			isa = PBXGroup;
			children = (
				EE4232B514F008BF00731267 /* UWSuite */,
				EE4232D314F008BF00731267 /* UWSuiteTests */,
				EE4232AE14F008BF00731267 /* Frameworks */,
				EE4232AC14F008BF00731267 /* Products */,
			);
			sourceTree = "<group>";
		};
		EE4232AC14F008BF00731267 /* Products */ = {
			isa = PBXGroup;
			children = (
				EE4232AB14F008BF00731267 /* UWSuite.app */,
				EE4232CC14F008BF00731267 /* UWSuiteTests.octest */,
			);
			name = Products;
			sourceTree = "<group>";
		};
		EE4232AE14F008BF00731267 /* Frameworks */ = {
			isa = PBXGroup;
			children = (
				EE4232AF14F008BF00731267 /* UIKit.framework */,
				EE4232B114F008BF00731267 /* Foundation.framework */,
				EE4232B314F008BF00731267 /* CoreGraphics.framework */,
				EE4232CD14F008BF00731267 /* SenTestingKit.framework */,
			);
			name = Frameworks;
			sourceTree = "<group>";
		};
		EE4232B514F008BF00731267 /* UWSuite */ = {
			isa = PBXGroup;
			children = (
				EE4232BE14F008BF00731267 /* UWSAppDelegate.h */,
				EE4232BF14F008BF00731267 /* UWSAppDelegate.m */,
				EE4232C114F008BF00731267 /* MainStoryboard.storyboard */,
				EE4232C414F008BF00731267 /* UWSViewController.h */,
				EE4232C514F008BF00731267 /* UWSViewController.m */,
				EE4232B614F008BF00731267 /* Supporting Files */,
			);
			path = UWSuite;
			sourceTree = "<group>";
		};
		EE4232B614F008BF00731267 /* Supporting Files */ = {
			isa = PBXGroup;
			children = (
				EE4232B714F008BF00731267 /* UWSuite-Info.plist */,
				EE4232B814F008BF00731267 /* InfoPlist.strings */,
				EE4232BB14F008BF00731267 /* main.m */,
				EE4232BD14F008BF00731267 /* UWSuite-Prefix.pch */,
			);
			name = "Supporting Files";
			sourceTree = "<group>";
		};
		EE4232D314F008BF00731267 /* UWSuiteTests */ = {
			isa = PBXGroup;
			children = (
				EE4232D914F008BF00731267 /* UWSuiteTests.h */,
				EE4232DA14F008BF00731267 /* UWSuiteTests.m */,
				EE4232D414F008BF00731267 /* Supporting Files */,
			);
			path = UWSuiteTests;
			sourceTree = "<group>";
		};
		EE4232D414F008BF00731267 /* Supporting Files */ = {
			isa = PBXGroup;
			children = (
				EE4232D514F008BF00731267 /* UWSuiteTests-Info.plist */,
				EE4232D614F008BF00731267 /* InfoPlist.strings */,
			);
			name = "Supporting Files";
			sourceTree = "<group>";
		};
/* End PBXGroup section */

/* Begin PBXNativeTarget section */
		EE4232AA14F008BF00731267 /* UWSuite */ = {
			isa = PBXNativeTarget;
			buildConfigurationList = EE4232DE14F008BF00731267 /* Build configuration list for PBXNativeTarget "UWSuite" */;
			buildPhases = (
				EE4232A714F008BF00731267 /* Sources */,
				EE4232A814F008BF00731267 /* Frameworks */,
				EE4232A914F008BF00731267 /* Resources */,
			);
			buildRules = (
			);
			dependencies = (
			);
			name = UWSuite;
			productName = UWSuite;
			productReference = EE4232AB14F008BF00731267 /* UWSuite.app */;
			productType = "com.apple.product-type.application";
		};
		EE4232CB14F008BF00731267 /* UWSuiteTests */ = {
			isa = PBXNativeTarget;
			buildConfigurationList = EE4232E114F008BF00731267 /* Build configuration list for PBXNativeTarget "UWSuiteTests" */;
			buildPhases = (
				EE4232C714F008BF00731267 /* Sources */,
				EE4232C814F008BF00731267 /* Frameworks */,
				EE4232C914F008BF00731267 /* Resources */,
				EE4232CA14F008BF00731267 /* ShellScript */,
			);
			buildRules = (
			);
			dependencies = (
				EE4232D214F008BF00731267 /* PBXTargetDependency */,
			);
			name = UWSuiteTests;
			productName = UWSuiteTests;
			productReference = EE4232CC14F008BF00731267 /* UWSuiteTests.octest */;
			productType = "com.apple.product-type.bundle";
		};
/* End PBXNativeTarget section */

/* Begin PBXProject section */
		EE4232A214F008BF00731267 /* Project object */ = {
			isa = PBXProject;
			attributes = {
				LastUpgradeCheck = 0420;
			};
			buildConfigurationList = EE4232A514F008BF00731267 /* Build configuration list for PBXProject "UWSuite" */;
			compatibilityVersion = "Xcode 3.2";
			developmentRegion = English;
			hasScannedForEncodings = 0;
			knownRegions = (
				en,
			);
			mainGroup = EE4232A014F008BF00731267;
			productRefGroup = EE4232AC14F008BF00731267 /* Products */;
			projectDirPath = "";
			projectRoot = "";
			targets = (
				EE4232AA14F008BF00731267 /* UWSuite */,
				EE4232CB14F008BF00731267 /* UWSuiteTests */,
			);
		};
/* End PBXProject section */

/* Begin PBXResourcesBuildPhase section */
		EE4232A914F008BF00731267 /* Resources */ = {
			isa = PBXResourcesBuildPhase;
			buildActionMask = 2147483647;
			files = (
				EE4232BA14F008BF00731267 /* InfoPlist.strings in Resources */,
				EE4232C314F008BF00731267 /* MainStoryboard.storyboard in Resources */,
			);
			runOnlyForDeploymentPostprocessing = 0;
		};
		EE4232C914F008BF00731267 /* Resources */ = {
			isa = PBXResourcesBuildPhase;
			buildActionMask = 2147483647;
			files = (
				EE4232D814F008BF00731267 /* InfoPlist.strings in Resources */,
			);
			runOnlyForDeploymentPostprocessing = 0;
		};
/* End PBXResourcesBuildPhase section */

/* Begin PBXShellScriptBuildPhase section */
		EE4232CA14F008BF00731267 /* ShellScript */ = {
			isa = PBXShellScriptBuildPhase;
			buildActionMask = 2147483647;
			files = (
			);
			inputPaths = (
			);
			outputPaths = (
			);
			runOnlyForDeploymentPostprocessing = 0;
			shellPath = /bin/sh;
			shellScript = "# Run the unit tests in this test bundle.\n\"${SYSTEM_DEVELOPER_DIR}/Tools/RunUnitTests\"\n";
		};
/* End PBXShellScriptBuildPhase section */

/* Begin PBXSourcesBuildPhase section */
		EE4232A714F008BF00731267 /* Sources */ = {
			isa = PBXSourcesBuildPhase;
			buildActionMask = 2147483647;
			files = (
				EE4232BC14F008BF00731267 /* main.m in Sources */,
				EE4232C014F008BF00731267 /* UWSAppDelegate.m in Sources */,
				EE4232C614F008BF00731267 /* UWSViewController.m in Sources */,
			);
			runOnlyForDeploymentPostprocessing = 0;
		};
		EE4232C714F008BF00731267 /* Sources */ = {
			isa = PBXSourcesBuildPhase;
			buildActionMask = 2147483647;
			files = (
				EE4232DB14F008BF00731267 /* UWSuiteTests.m in Sources */,
			);
			runOnlyForDeploymentPostprocessing = 0;
		};
/* End PBXSourcesBuildPhase section */

/* Begin PBXTargetDependency section */
		EE4232D214F008BF00731267 /* PBXTargetDependency */ = {
			isa = PBXTargetDependency;
			target = EE4232AA14F008BF00731267 /* UWSuite */;
			targetProxy = EE4232D114F008BF00731267 /* PBXContainerItemProxy */;
		};
/* End PBXTargetDependency section */

/* Begin PBXVariantGroup section */
		EE4232B814F008BF00731267 /* InfoPlist.strings */ = {
			isa = PBXVariantGroup;
			children = (
				EE4232B914F008BF00731267 /* en */,
			);
			name = InfoPlist.strings;
			sourceTree = "<group>";
		};
		EE4232C114F008BF00731267 /* MainStoryboard.storyboard */ = {
			isa = PBXVariantGroup;
			children = (
				EE4232C214F008BF00731267 /* en */,
			);
			name = MainStoryboard.storyboard;
			sourceTree = "<group>";
		};
		EE4232D614F008BF00731267 /* InfoPlist.strings */ = {
			isa = PBXVariantGroup;
			children = (
				EE4232D714F008BF00731267 /* en */,
			);
			name = InfoPlist.strings;
			sourceTree = "<group>";
		};
/* End PBXVariantGroup section */

/* Begin XCBuildConfiguration section */
		EE4232DC14F008BF00731267 /* Debug */ = {
			isa = XCBuildConfiguration;
			buildSettings = {
				ALWAYS_SEARCH_USER_PATHS = NO;
				ARCHS = "$(ARCHS_STANDARD_32_BIT)";
				CLANG_ENABLE_OBJC_ARC = YES;
				"CODE_SIGN_IDENTITY[sdk=iphoneos*]" = "iPhone Developer";
				COPY_PHASE_STRIP = NO;
				GCC_C_LANGUAGE_STANDARD = gnu99;
				GCC_DYNAMIC_NO_PIC = NO;
				GCC_OPTIMIZATION_LEVEL = 0;
				GCC_PREPROCESSOR_DEFINITIONS = (
					"DEBUG=1",
					"$(inherited)",
				);
				GCC_SYMBOLS_PRIVATE_EXTERN = NO;
				GCC_VERSION = com.apple.compilers.llvm.clang.1_0;
				GCC_WARN_ABOUT_MISSING_PROTOTYPES = YES;
				GCC_WARN_ABOUT_RETURN_TYPE = YES;
				GCC_WARN_UNUSED_VARIABLE = YES;
				IPHONEOS_DEPLOYMENT_TARGET = 5.0;
				SDKROOT = iphoneos;
			};
			name = Debug;
		};
		EE4232DD14F008BF00731267 /* Release */ = {
			isa = XCBuildConfiguration;
			buildSettings = {
				ALWAYS_SEARCH_USER_PATHS = NO;
				ARCHS = "$(ARCHS_STANDARD_32_BIT)";
				CLANG_ENABLE_OBJC_ARC = YES;
				"CODE_SIGN_IDENTITY[sdk=iphoneos*]" = "iPhone Developer";
				COPY_PHASE_STRIP = YES;
				GCC_C_LANGUAGE_STANDARD = gnu99;
				GCC_VERSION = com.apple.compilers.llvm.clang.1_0;
				GCC_WARN_ABOUT_MISSING_PROTOTYPES = YES;
				GCC_WARN_ABOUT_RETURN_TYPE = YES;
				GCC_WARN_UNUSED_VARIABLE = YES;
				IPHONEOS_DEPLOYMENT_TARGET = 5.0;
				OTHER_CFLAGS = "-DNS_BLOCK_ASSERTIONS=1";
				SDKROOT = iphoneos;
				VALIDATE_PRODUCT = YES;
			};
			name = Release;
		};
		EE4232DF14F008BF00731267 /* Debug */ = {
			isa = XCBuildConfiguration;
			buildSettings = {
				GCC_PRECOMPILE_PREFIX_HEADER = YES;
				GCC_PREFIX_HEADER = "UWSuite/UWSuite-Prefix.pch";
				INFOPLIST_FILE = "UWSuite/UWSuite-Info.plist";
				PRODUCT_NAME = "$(TARGET_NAME)";
				WRAPPER_EXTENSION = app;
			};
			name = Debug;
		};
		EE4232E014F008BF00731267 /* Release */ = {
			isa = XCBuildConfiguration;
			buildSettings = {
				GCC_PRECOMPILE_PREFIX_HEADER = YES;
				GCC_PREFIX_HEADER = "UWSuite/UWSuite-Prefix.pch";
				INFOPLIST_FILE = "UWSuite/UWSuite-Info.plist";
				PRODUCT_NAME = "$(TARGET_NAME)";
				WRAPPER_EXTENSION = app;
			};
			name = Release;
		};
		EE4232E214F008BF00731267 /* Debug */ = {
			isa = XCBuildConfiguration;
			buildSettings = {
				BUNDLE_LOADER = "$(BUILT_PRODUCTS_DIR)/UWSuite.app/UWSuite";
				FRAMEWORK_SEARCH_PATHS = (
					"$(SDKROOT)/Developer/Library/Frameworks",
					"$(DEVELOPER_LIBRARY_DIR)/Frameworks",
				);
				GCC_PRECOMPILE_PREFIX_HEADER = YES;
				GCC_PREFIX_HEADER = "UWSuite/UWSuite-Prefix.pch";
				INFOPLIST_FILE = "UWSuiteTests/UWSuiteTests-Info.plist";
				PRODUCT_NAME = "$(TARGET_NAME)";
				TEST_HOST = "$(BUNDLE_LOADER)";
				WRAPPER_EXTENSION = octest;
			};
			name = Debug;
		};
		EE4232E314F008BF00731267 /* Release */ = {
			isa = XCBuildConfiguration;
			buildSettings = {
				BUNDLE_LOADER = "$(BUILT_PRODUCTS_DIR)/UWSuite.app/UWSuite";
				FRAMEWORK_SEARCH_PATHS = (
					"$(SDKROOT)/Developer/Library/Frameworks",
					"$(DEVELOPER_LIBRARY_DIR)/Frameworks",
				);
				GCC_PRECOMPILE_PREFIX_HEADER = YES;
				GCC_PREFIX_HEADER = "UWSuite/UWSuite-Prefix.pch";
				INFOPLIST_FILE = "UWSuiteTests/UWSuiteTests-Info.plist";
				PRODUCT_NAME = "$(TARGET_NAME)";
				TEST_HOST = "$(BUNDLE_LOADER)";
				WRAPPER_EXTENSION = octest;
			};
			name = Release;
		};
/* End XCBuildConfiguration section */

/* Begin XCConfigurationList section */
		EE4232A514F008BF00731267 /* Build configuration list for PBXProject "UWSuite" */ = {
			isa = XCConfigurationList;
			buildConfigurations = (
				EE4232DC14F008BF00731267 /* Debug */,
				EE4232DD14F008BF00731267 /* Release */,
			);
			defaultConfigurationIsVisible = 0;
			defaultConfigurationName = Release;
		};
		EE4232DE14F008BF00731267 /* Build configuration list for PBXNativeTarget "UWSuite" */ = {
			isa = XCConfigurationList;
			buildConfigurations = (
				EE4232DF14F008BF00731267 /* Debug */,
				EE4232E014F008BF00731267 /* Release */,
			);
			defaultConfigurationIsVisible = 0;
		};
		EE4232E114F008BF00731267 /* Build configuration list for PBXNativeTarget "UWSuiteTests" */ = {
			isa = XCConfigurationList;
			buildConfigurations = (
				EE4232E214F008BF00731267 /* Debug */,
				EE4232E314F008BF00731267 /* Release */,
			);
			defaultConfigurationIsVisible = 0;
		};
/* End XCConfigurationList section */
	};
	rootObject = EE4232A214F008BF00731267 /* Project object */;
}
